
Microsoft Visual Studio Solution File, Format Version 12.00
# Visual Studio 2012
Project("{CC5FD16D-436D-48AD-A40C-5A424C6E3E79}") = "DailyShakespeare", "DailyShakespeare.ccproj", "{141A01CF-9690-40F7-B6F2-26921C149036}"
EndProject
Project("{FAE04EC0-301F-11D3-BF4B-00C04F79EFBC}") = "DailylShakespeare.Site", "DailylShakespeare.Site\DailylShakespeare.Site.csproj", "{5B622D20-DC93-4A5B-AD47-864E975561E0}"
EndProject
Project("{FAE04EC0-301F-11D3-BF4B-00C04F79EFBC}") = "DailylShakespeare.Site.Tests", "DailylShakespeare.Site.Tests\DailylShakespeare.Site.Tests.csproj", "{958D5540-43AC-4A09-863A-E2ECC68D144C}"
EndProject
Project("{FAE04EC0-301F-11D3-BF4B-00C04F79EFBC}") = "DailyShakespeare.DataService", "DailyShakespeare.DataService\DailyShakespeare.DataService.csproj", "{BD1DB6B0-BE0E-405D-90A1-F6D4A9689135}"
EndProject
Project("{FAE04EC0-301F-11D3-BF4B-00C04F79EFBC}") = "DailyShakespeare.DAL", "..\DailyShakespeare.DAL\DailyShakespeare.DAL.csproj", "{49F60956-0472-44C5-ADA7-51108E265857}"
EndProject
Project("{FAE04EC0-301F-11D3-BF4B-00C04F79EFBC}") = "DailyShakespeare.Model", "DailyShakespeare.Model\DailyShakespeare.Model.csproj", "{7254FB20-17F6-4FAA-9B3B-CB60B5358E3E}"
EndProject
Project("{2150E333-8FDC-42A3-9474-1A3956D46DE8}") = "Tests", "Tests", "{D56A7D8B-5ED9-4028-ACD5-2C52549A8F27}"
EndProject
Project("{FAE04EC0-301F-11D3-BF4B-00C04F79EFBC}") = "DailyShakespeare.DAL.Tests", "DailyShakespeare.DAL.Tests\DailyShakespeare.DAL.Tests.csproj", "{A6F5FCC4-F448-4060-AFFC-22E8699DC760}"
EndProject
Project("{FAE04EC0-301F-11D3-BF4B-00C04F79EFBC}") = "DailyShakespeare.Site.Tests", "..\DailyShakespeare.Site.Tests\DailyShakespeare.Site.Tests.csproj", "{5A307105-8D3C-49D1-9475-8D811771F66A}"
EndProject
Project("{FAE04EC0-301F-11D3-BF4B-00C04F79EFBC}") = "DailyShakespeare.ChromeExtension", "..\DailyShakespeare.ChromeExtension\DailyShakespeare.ChromeExtension.csproj", "{0102F975-6F53-4362-8C26-58FC577CE6CA}"
EndProject
Global
	GlobalSection(SolutionConfigurationPlatforms) = preSolution
		Debug|Any CPU = Debug|Any CPU
		Release|Any CPU = Release|Any CPU
	EndGlobalSection
	GlobalSection(ProjectConfigurationPlatforms) = postSolution
		{141A01CF-9690-40F7-B6F2-26921C149036}.Debug|Any CPU.ActiveCfg = Debug|Any CPU
		{141A01CF-9690-40F7-B6F2-26921C149036}.Debug|Any CPU.Build.0 = Debug|Any CPU
		{141A01CF-9690-40F7-B6F2-26921C149036}.Release|Any CPU.ActiveCfg = Release|Any CPU
		{141A01CF-9690-40F7-B6F2-26921C149036}.Release|Any CPU.Build.0 = Release|Any CPU
		{5B622D20-DC93-4A5B-AD47-864E975561E0}.Debug|Any CPU.ActiveCfg = Debug|Any CPU
		{5B622D20-DC93-4A5B-AD47-864E975561E0}.Debug|Any CPU.Build.0 = Debug|Any CPU
		{5B622D20-DC93-4A5B-AD47-864E975561E0}.Release|Any CPU.ActiveCfg = Release|Any CPU
		{5B622D20-DC93-4A5B-AD47-864E975561E0}.Release|Any CPU.Build.0 = Release|Any CPU
		{958D5540-43AC-4A09-863A-E2ECC68D144C}.Debug|Any CPU.ActiveCfg = Debug|Any CPU
		{958D5540-43AC-4A09-863A-E2ECC68D144C}.Debug|Any CPU.Build.0 = Debug|Any CPU
		{958D5540-43AC-4A09-863A-E2ECC68D144C}.Release|Any CPU.ActiveCfg = Release|Any CPU
		{958D5540-43AC-4A09-863A-E2ECC68D144C}.Release|Any CPU.Build.0 = Release|Any CPU
		{BD1DB6B0-BE0E-405D-90A1-F6D4A9689135}.Debug|Any CPU.ActiveCfg = Debug|Any CPU
		{BD1DB6B0-BE0E-405D-90A1-F6D4A9689135}.Debug|Any CPU.Build.0 = Debug|Any CPU
		{BD1DB6B0-BE0E-405D-90A1-F6D4A9689135}.Release|Any CPU.ActiveCfg = Release|Any CPU
		{BD1DB6B0-BE0E-405D-90A1-F6D4A9689135}.Release|Any CPU.Build.0 = Release|Any CPU
		{49F60956-0472-44C5-ADA7-51108E265857}.Debug|Any CPU.ActiveCfg = Debug|Any CPU
		{49F60956-0472-44C5-ADA7-51108E265857}.Debug|Any CPU.Build.0 = Debug|Any CPU
		{49F60956-0472-44C5-ADA7-51108E265857}.Release|Any CPU.ActiveCfg = Release|Any CPU
		{49F60956-0472-44C5-ADA7-51108E265857}.Release|Any CPU.Build.0 = Release|Any CPU
		{7254FB20-17F6-4FAA-9B3B-CB60B5358E3E}.Debug|Any CPU.ActiveCfg = Debug|Any CPU
		{7254FB20-17F6-4FAA-9B3B-CB60B5358E3E}.Debug|Any CPU.Build.0 = Debug|Any CPU
		{7254FB20-17F6-4FAA-9B3B-CB60B5358E3E}.Release|Any CPU.ActiveCfg = Release|Any CPU
		{7254FB20-17F6-4FAA-9B3B-CB60B5358E3E}.Release|Any CPU.Build.0 = Release|Any CPU
		{A6F5FCC4-F448-4060-AFFC-22E8699DC760}.Debug|Any CPU.ActiveCfg = Debug|Any CPU
		{A6F5FCC4-F448-4060-AFFC-22E8699DC760}.Debug|Any CPU.Build.0 = Debug|Any CPU
		{A6F5FCC4-F448-4060-AFFC-22E8699DC760}.Release|Any CPU.ActiveCfg = Release|Any CPU
		{A6F5FCC4-F448-4060-AFFC-22E8699DC760}.Release|Any CPU.Build.0 = Release|Any CPU
		{5A307105-8D3C-49D1-9475-8D811771F66A}.Debug|Any CPU.ActiveCfg = Debug|Any CPU
		{5A307105-8D3C-49D1-9475-8D811771F66A}.Debug|Any CPU.Build.0 = Debug|Any CPU
		{5A307105-8D3C-49D1-9475-8D811771F66A}.Release|Any CPU.ActiveCfg = Release|Any CPU
		{5A307105-8D3C-49D1-9475-8D811771F66A}.Release|Any CPU.Build.0 = Release|Any CPU
		{0102F975-6F53-4362-8C26-58FC577CE6CA}.Debug|Any CPU.ActiveCfg = Debug|Any CPU
		{0102F975-6F53-4362-8C26-58FC577CE6CA}.Debug|Any CPU.Build.0 = Debug|Any CPU
		{0102F975-6F53-4362-8C26-58FC577CE6CA}.Release|Any CPU.ActiveCfg = Release|Any CPU
		{0102F975-6F53-4362-8C26-58FC577CE6CA}.Release|Any CPU.Build.0 = Release|Any CPU
	EndGlobalSection
	GlobalSection(SolutionProperties) = preSolution
		HideSolutionNode = FALSE
	EndGlobalSection
	GlobalSection(NestedProjects) = preSolution
		{A6F5FCC4-F448-4060-AFFC-22E8699DC760} = {D56A7D8B-5ED9-4028-ACD5-2C52549A8F27}
		{5A307105-8D3C-49D1-9475-8D811771F66A} = {D56A7D8B-5ED9-4028-ACD5-2C52549A8F27}
	EndGlobalSection
EndGlobal
